# This file is autogenerated, do not edit; changes may be undone by the next 'dep ensure'.


[[projects]]
  branch = "master"
  name = "github.com/jinzhu/gorm"
  packages = ["."]
  revision = "82eb9f8a5bbb5e6b929d2f0ae5b934e6a253f94e"

[[projects]]
  branch = "master"
  name = "github.com/jinzhu/inflection"
  packages = ["."]
  revision = "04140366298a54a039076d798123ffa108fff46c"

[[projects]]
  branch = "master"
  name = "github.com/lib/pq"
  packages = [
    ".",
    "oid"
  ]
  revision = "d34b9ff171c21ad295489235aec8b6626023cd04"

[solve-meta]
  analyzer-name = "dep"
  analyzer-version = 1
  inputs-digest = "b82e99f131a0374ed3af70a58bf88c546bbd76358aadc81f04564c5fee852cce"
  solver-name = "gps-cdcl"
  solver-version = 1
